
Microsoft Visual Studio Solution File, Format Version 12.00
# Visual Studio Version 16
VisualStudioVersion = 16.0.29613.14
MinimumVisualStudioVersion = 10.0.40219.1
Project("{FAE04EC0-301F-11D3-BF4B-00C04F79EFBC}") = "MvcBootstrap_Clone", "MvcBootstrap_Clone\MvcBootstrap_Clone.csproj", "{0B9C9AC1-9ECA-4CC0-9059-05D9C44BE975}"
EndProject
Global
	GlobalSection(SolutionConfigurationPlatforms) = preSolution
		Debug|Any CPU = Debug|Any CPU
		Release|Any CPU = Release|Any CPU
	EndGlobalSection
	GlobalSection(ProjectConfigurationPlatforms) = postSolution
		{0B9C9AC1-9ECA-4CC0-9059-05D9C44BE975}.Debug|Any CPU.ActiveCfg = Debug|Any CPU
		{0B9C9AC1-9ECA-4CC0-9059-05D9C44BE975}.Debug|Any CPU.Build.0 = Debug|Any CPU
		{0B9C9AC1-9ECA-4CC0-9059-05D9C44BE975}.Release|Any CPU.ActiveCfg = Release|Any CPU
		{0B9C9AC1-9ECA-4CC0-9059-05D9C44BE975}.Release|Any CPU.Build.0 = Release|Any CPU
	EndGlobalSection
	GlobalSection(SolutionProperties) = preSolution
		HideSolutionNode = FALSE
	EndGlobalSection
	GlobalSection(ExtensibilityGlobals) = postSolution
		SolutionGuid = {DB279F18-591D-40A9-8AA1-9DE2E5CC02CD}
	EndGlobalSection
EndGlobal
